{
    "_readme": [
        "This file locks the dependencies of your project to a known state",
        "Read more about it at https://getcomposer.org/doc/01-basic-usage.md#installing-dependencies",
        "This file is @generated automatically"
    ],
    "content-hash": "675afbc718e571ada7753ff5c6c94d96",
    "packages": [
        {
            "name": "laminas/laminas-escaper",
            "version": "2.7.0",
            "source": {
                "type": "git",
                "url": "https://github.com/laminas/laminas-escaper.git",
                "reference": "5e04bc5ae5990b17159d79d331055e2c645e5cc5"
            },
            "dist": {
                "type": "zip",
                "url": "https://api.github.com/repos/laminas/laminas-escaper/zipball/5e04bc5ae5990b17159d79d331055e2c645e5cc5",
                "reference": "5e04bc5ae5990b17159d79d331055e2c645e5cc5",
                "shasum": ""
            },
            "require": {
                "laminas/laminas-zendframework-bridge": "^1.0",
                "php": "^7.3 || ~8.0.0"
            },
            "replace": {
                "zendframework/zend-escaper": "^2.6.1"
            },
            "require-dev": {
                "laminas/laminas-coding-standard": "~1.0.0",
                "phpunit/phpunit": "^9.3",
                "psalm/plugin-phpunit": "^0.12.2",
                "vimeo/psalm": "^3.16"
            },
            "suggest": {
                "ext-iconv": "*",
                "ext-mbstring": "*"
            },
            "type": "library",
            "autoload": {
                "psr-4": {
                    "Laminas\\Escaper\\": "src/"
                }
            },
            "notification-url": "https://packagist.org/downloads/",
            "license": [
                "BSD-3-Clause"
            ],
            "description": "Securely and safely escape HTML, HTML attributes, JavaScript, CSS, and URLs",
            "homepage": "https://laminas.dev",
            "keywords": [
                "escaper",
                "laminas"
            ],
            "support": {
                "chat": "https://laminas.dev/chat",
                "docs": "https://docs.laminas.dev/laminas-escaper/",
                "forum": "https://discourse.laminas.dev",
                "issues": "https://github.com/laminas/laminas-escaper/issues",
                "rss": "https://github.com/laminas/laminas-escaper/releases.atom",
                "source": "https://github.com/laminas/laminas-escaper"
            },
            "funding": [
                {
                    "url": "https://funding.communitybridge.org/projects/laminas-project",
                    "type": "community_bridge"
                }
            ],
            "time": "2020-11-17T21:26:43+00:00"
        },
        {
            "name": "myclabs/php-enum",
            "version": "1.8.0",
            "source": {
                "type": "git",
                "url": "https://github.com/myclabs/php-enum.git",
                "reference": "46cf3d8498b095bd33727b13fd5707263af99421"
            },
            "dist": {
                "type": "zip",
                "url": "https://api.github.com/repos/myclabs/php-enum/zipball/46cf3d8498b095bd33727b13fd5707263af99421",
                "reference": "46cf3d8498b095bd33727b13fd5707263af99421",
                "shasum": ""
            },
            "require": {
                "ext-json": "*",
                "php": "^7.3 || ^8.0"
            },
            "require-dev": {
                "phpunit/phpunit": "^9.5",
                "squizlabs/php_codesniffer": "1.*",
                "vimeo/psalm": "^4.5.1"
            },
            "type": "library",
            "autoload": {
                "psr-4": {
                    "MyCLabs\\Enum\\": "src/"
                }
            },
            "notification-url": "https://packagist.org/downloads/",
            "license": [
                "MIT"
            ],
            "authors": [
                {
                    "name": "PHP Enum contributors",
                    "homepage": "https://github.com/myclabs/php-enum/graphs/contributors"
                }
            ],
            "description": "PHP Enum implementation",
            "homepage": "http://github.com/myclabs/php-enum",
            "keywords": [
                "enum"
            ],
            "support": {
                "issues": "https://github.com/myclabs/php-enum/issues",
                "source": "https://github.com/myclabs/php-enum/tree/1.8.0"
            },
            "funding": [
                {
                    "url": "https://github.com/mnapoli",
                    "type": "github"
                },
                {
                    "url": "https://tidelift.com/funding/github/packagist/myclabs/php-enum",
                    "type": "tidelift"
                }
            ],
            "time": "2021-02-15T16:11:48+00:00"
        },
        {
            "name": "phpoffice/phpword",
            "version": "0.18.0",
            "source": {
                "type": "git",
                "url": "https://github.com/PHPOffice/PHPWord.git",
                "reference": "1bd7cd62381051db6d6c7174d3c95a3ada48bc0f"
            },
            "dist": {
                "type": "zip",
                "url": "https://api.github.com/repos/PHPOffice/PHPWord/zipball/1bd7cd62381051db6d6c7174d3c95a3ada48bc0f",
                "reference": "1bd7cd62381051db6d6c7174d3c95a3ada48bc0f",
                "shasum": ""
            },
            "require": {
                "ext-xml": "*",
                "laminas/laminas-escaper": "^2.2",
                "php": "^5.3.3 || ^7.0 || ^8.0"
            },
            "replace": {
                "laminas/laminas-zendframework-bridge": "*"
            },
            "require-dev": {
                "dompdf/dompdf": "0.8.* || 1.0.*",
                "ext-gd": "*",
                "ext-zip": "*",
                "friendsofphp/php-cs-fixer": "^2.2",
                "mpdf/mpdf": "5.7.4 || 6.* || 7.* || 8.*",
                "php-coveralls/php-coveralls": "1.1.0 || ^2.0",
                "phploc/phploc": "2.* || 3.* || 4.* || 5.* || 6.* || 7.*",
                "phpmd/phpmd": "2.*",
                "phpunit/phpunit": "^4.8.36 || ^7.0",
                "squizlabs/php_codesniffer": "^2.9 || ^3.5",
                "tecnickcom/tcpdf": "6.*"
            },
            "suggest": {
                "dompdf/dompdf": "Allows writing PDF",
                "ext-gd2": "Allows adding images",
                "ext-xmlwriter": "Allows writing OOXML and ODF",
                "ext-xsl": "Allows applying XSL style sheet to headers, to main document part, and to footers of an OOXML template",
                "ext-zip": "Allows writing OOXML and ODF"
            },
            "type": "library",
            "extra": {
                "branch-alias": {
                    "dev-develop": "0.18-dev"
                }
            },
            "autoload": {
                "psr-4": {
                    "PhpOffice\\PhpWord\\": "src/PhpWord"
                }
            },
            "notification-url": "https://packagist.org/downloads/",
            "license": [
                "LGPL-3.0"
            ],
            "authors": [
                {
                    "name": "Mark Baker"
                },
                {
                    "name": "Gabriel Bull",
                    "email": "me@gabrielbull.com",
                    "homepage": "http://gabrielbull.com/"
                },
                {
                    "name": "Franck Lefevre",
                    "homepage": "https://rootslabs.net/blog/"
                },
                {
                    "name": "Ivan Lanin",
                    "homepage": "http://ivan.lanin.org"
                },
                {
                    "name": "Roman Syroeshko",
                    "homepage": "http://ru.linkedin.com/pub/roman-syroeshko/34/a53/994/"
                },
                {
                    "name": "Antoine de Troostembergh"
                }
            ],
            "description": "PHPWord - A pure PHP library for reading and writing word processing documents (OOXML, ODF, RTF, HTML, PDF)",
            "homepage": "http://phpoffice.github.io",
            "keywords": [
                "ISO IEC 29500",
                "OOXML",
                "Office Open XML",
                "OpenDocument",
                "OpenXML",
                "PhpOffice",
                "PhpWord",
                "Rich Text Format",
                "WordprocessingML",
                "doc",
                "docx",
                "html",
                "odf",
                "odt",
                "office",
                "pdf",
                "php",
                "reader",
                "rtf",
                "template",
                "template processor",
                "word",
                "writer"
            ],
            "support": {
                "issues": "https://github.com/PHPOffice/PHPWord/issues",
                "source": "https://github.com/PHPOffice/PHPWord/tree/0.18.0"
            },
            "time": "2021-02-12T21:28:06+00:00"
        },
        {
            "name": "rbdwllr/reallysimplejwt",
            "version": "4.0.0",
            "source": {
                "type": "git",
                "url": "https://github.com/RobDWaller/ReallySimpleJWT.git",
                "reference": "a8038ff97a59fd567f40f2ac86ee779719008ebb"
            },
            "dist": {
                "type": "zip",
                "url": "https://api.github.com/repos/RobDWaller/ReallySimpleJWT/zipball/a8038ff97a59fd567f40f2ac86ee779719008ebb",
                "reference": "a8038ff97a59fd567f40f2ac86ee779719008ebb",
                "shasum": ""
            },
            "require": {
                "php": ">=7.4.0"
            },
            "require-dev": {
                "infection/infection": "^0.20",
                "phpbench/phpbench": "^0.17",
                "phploc/phploc": "^7.0",
                "phpmd/phpmd": "^2.9",
                "phpstan/phpstan": "^0.12",
                "phpunit/phpunit": "^9.5",
                "sebastian/phpcpd": "^6.0",
                "squizlabs/php_codesniffer": "^3.5"
            },
            "type": "library",
            "autoload": {
                "psr-4": {
                    "ReallySimpleJWT\\": "src/"
                }
            },
            "notification-url": "https://packagist.org/downloads/",
            "license": [
                "MIT"
            ],
            "authors": [
                {
                    "name": "Rob Waller",
                    "email": "rdwaller1984@gmail.com"
                }
            ],
            "description": "A really simple library to generate user authentication JSON Web Tokens.",
            "keywords": [
                "Authentication",
                "json",
                "json web tokens",
                "jwt",
                "php",
                "tokens"
            ],
            "support": {
                "issues": "https://github.com/RobDWaller/ReallySimpleJWT/issues",
                "source": "https://github.com/RobDWaller/ReallySimpleJWT/tree/4.0.0"
            },
            "time": "2021-02-01T17:29:36+00:00"
        },
        {
            "name": "webonyx/graphql-php",
            "version": "v14.5.1",
            "source": {
                "type": "git",
                "url": "https://github.com/webonyx/graphql-php.git",
                "reference": "3af8b92d07e0d7a9085c0b83daf86beaeb76f092"
            },
            "dist": {
                "type": "zip",
                "url": "https://api.github.com/repos/webonyx/graphql-php/zipball/3af8b92d07e0d7a9085c0b83daf86beaeb76f092",
                "reference": "3af8b92d07e0d7a9085c0b83daf86beaeb76f092",
                "shasum": ""
            },
            "require": {
                "ext-json": "*",
                "ext-mbstring": "*",
                "php": "^7.1||^8.0"
            },
            "require-dev": {
                "amphp/amp": "^2.3",
                "doctrine/coding-standard": "^6.0",
                "nyholm/psr7": "^1.2",
                "phpbench/phpbench": "^0.16.10",
                "phpstan/extension-installer": "^1.0",
                "phpstan/phpstan": "0.12.32",
                "phpstan/phpstan-phpunit": "0.12.11",
                "phpstan/phpstan-strict-rules": "0.12.2",
                "phpunit/phpunit": "^7.2|^8.5",
                "psr/http-message": "^1.0",
                "react/promise": "2.*",
                "simpod/php-coveralls-mirror": "^3.0",
                "squizlabs/php_codesniffer": "3.5.4"
            },
            "suggest": {
                "psr/http-message": "To use standard GraphQL server",
                "react/promise": "To leverage async resolving on React PHP platform"
            },
            "type": "library",
            "autoload": {
                "psr-4": {
                    "GraphQL\\": "src/"
                }
            },
            "notification-url": "https://packagist.org/downloads/",
            "license": [
                "MIT"
            ],
            "description": "A PHP port of GraphQL reference implementation",
            "homepage": "https://github.com/webonyx/graphql-php",
            "keywords": [
                "api",
                "graphql"
            ],
            "support": {
                "issues": "https://github.com/webonyx/graphql-php/issues",
                "source": "https://github.com/webonyx/graphql-php/tree/v14.5.1"
            },
            "funding": [
                {
                    "url": "https://opencollective.com/webonyx-graphql-php",
                    "type": "open_collective"
                }
            ],
            "time": "2021-02-05T10:51:56+00:00"
        }
    ],
    "packages-dev": [],
    "aliases": [],
    "minimum-stability": "stable",
    "stability-flags": [],
    "prefer-stable": false,
    "prefer-lowest": false,
    "platform": {
        "ext-json": "*",
        "ext-xml": "*",
        "ext-mysqli": "*",
        "ext-mbstring": "*"
    },
    "platform-dev": [],
    "platform-overrides": {
        "php": "7.4"
    },
    "plugin-api-version": "2.0.0"
}
